// !$*UTF8*$!
{
	archiveVersion = 1;
	classes = {
	};
	objectVersion = 46;
	objects = {

/* Begin PBXBuildFile section */
		52905CC61E3CFB44008CE7A5 /* AppDelegate.swift in Sources */ = {isa = PBXBuildFile; fileRef = 52905CC51E3CFB44008CE7A5 /* AppDelegate.swift */; };
		52905CC81E3CFB44008CE7A5 /* Assets.xcassets in Resources */ = {isa = PBXBuildFile; fileRef = 52905CC71E3CFB44008CE7A5 /* Assets.xcassets */; };
		52905CCB1E3CFB44008CE7A5 /* MainMenu.xib in Resources */ = {isa = PBXBuildFile; fileRef = 52905CC91E3CFB44008CE7A5 /* MainMenu.xib */; };
		52905CD41E3D04D4008CE7A5 /* airplay.applescript in Resources */ = {isa = PBXBuildFile; fileRef = 52905CD31E3D04D4008CE7A5 /* airplay.applescript */; };
/* End PBXBuildFile section */

/* Begin PBXFileReference section */
		52905CC21E3CFB44008CE7A5 /* AirPlayControl.app */ = {isa = PBXFileReference; explicitFileType = wrapper.application; includeInIndex = 0; path = AirPlayControl.app; sourceTree = BUILT_PRODUCTS_DIR; };
		52905CC51E3CFB44008CE7A5 /* AppDelegate.swift */ = {isa = PBXFileReference; lastKnownFileType = sourcecode.swift; path = AppDelegate.swift; sourceTree = "<group>"; };
		52905CC71E3CFB44008CE7A5 /* Assets.xcassets */ = {isa = PBXFileReference; lastKnownFileType = folder.assetcatalog; path = Assets.xcassets; sourceTree = "<group>"; };
		52905CCA1E3CFB44008CE7A5 /* Base */ = {isa = PBXFileReference; lastKnownFileType = file.xib; name = Base; path = Base.lproj/MainMenu.xib; sourceTree = "<group>"; };
		52905CCC1E3CFB44008CE7A5 /* Info.plist */ = {isa = PBXFileReference; lastKnownFileType = text.plist.xml; path = Info.plist; sourceTree = "<group>"; };
		52905CD31E3D04D4008CE7A5 /* airplay.applescript */ = {isa = PBXFileReference; fileEncoding = 4; lastKnownFileType = sourcecode.applescript; path = airplay.applescript; sourceTree = "<group>"; };
/* End PBXFileReference section */

/* Begin PBXFrameworksBuildPhase section */
		52905CBF1E3CFB44008CE7A5 /* Frameworks */ = {
			isa = PBXFrameworksBuildPhase;
			buildActionMask = 2147483647;
			files = (
			);
			runOnlyForDeploymentPostprocessing = 0;
		};
/* End PBXFrameworksBuildPhase section */

/* Begin PBXGroup section */
		52905CB91E3CFB44008CE7A5 = {
			isa = PBXGroup;
			children = (
				52905CC41E3CFB44008CE7A5 /* AirPlayControl */,
				52905CC31E3CFB44008CE7A5 /* Products */,
			);
			sourceTree = "<group>";
		};
		52905CC31E3CFB44008CE7A5 /* Products */ = {
			isa = PBXGroup;
			children = (
				52905CC21E3CFB44008CE7A5 /* AirPlayControl.app */,
			);
			name = Products;
			sourceTree = "<group>";
		};
		52905CC41E3CFB44008CE7A5 /* AirPlayControl */ = {
			isa = PBXGroup;
			children = (
				52905CD21E3D04B3008CE7A5 /* Resources */,
				52905CC51E3CFB44008CE7A5 /* AppDelegate.swift */,
				52905CC71E3CFB44008CE7A5 /* Assets.xcassets */,
				52905CC91E3CFB44008CE7A5 /* MainMenu.xib */,
				52905CCC1E3CFB44008CE7A5 /* Info.plist */,
			);
			path = AirPlayControl;
			sourceTree = "<group>";
		};
		52905CD21E3D04B3008CE7A5 /* Resources */ = {
			isa = PBXGroup;
			children = (
				52905CD31E3D04D4008CE7A5 /* airplay.applescript */,
			);
			name = Resources;
			sourceTree = "<group>";
		};
/* End PBXGroup section */

/* Begin PBXNativeTarget section */
		52905CC11E3CFB44008CE7A5 /* AirPlayControl */ = {
			isa = PBXNativeTarget;
			buildConfigurationList = 52905CCF1E3CFB44008CE7A5 /* Build configuration list for PBXNativeTarget "AirPlayControl" */;
			buildPhases = (
				52905CBE1E3CFB44008CE7A5 /* Sources */,
				52905CBF1E3CFB44008CE7A5 /* Frameworks */,
				52905CC01E3CFB44008CE7A5 /* Resources */,
			);
			buildRules = (
			);
			dependencies = (
			);
			name = AirPlayControl;
			productName = AirPlayControl;
			productReference = 52905CC21E3CFB44008CE7A5 /* AirPlayControl.app */;
			productType = "com.apple.product-type.application";
		};
/* End PBXNativeTarget section */

/* Begin PBXProject section */
		52905CBA1E3CFB44008CE7A5 /* Project object */ = {
			isa = PBXProject;
			attributes = {
				LastSwiftUpdateCheck = 0820;
				LastUpgradeCheck = 0820;
				ORGANIZATIONNAME = "Martinsoft Limited";
				TargetAttributes = {
					52905CC11E3CFB44008CE7A5 = {
						CreatedOnToolsVersion = 8.2.1;
						DevelopmentTeam = N5LFPP22TK;
						ProvisioningStyle = Automatic;
					};
				};
			};
			buildConfigurationList = 52905CBD1E3CFB44008CE7A5 /* Build configuration list for PBXProject "AirPlayControl" */;
			compatibilityVersion = "Xcode 3.2";
			developmentRegion = English;
			hasScannedForEncodings = 0;
			knownRegions = (
				en,
				Base,
			);
			mainGroup = 52905CB91E3CFB44008CE7A5;
			productRefGroup = 52905CC31E3CFB44008CE7A5 /* Products */;
			projectDirPath = "";
			projectRoot = "";
			targets = (
				52905CC11E3CFB44008CE7A5 /* AirPlayControl */,
			);
		};
/* End PBXProject section */

/* Begin PBXResourcesBuildPhase section */
		52905CC01E3CFB44008CE7A5 /* Resources */ = {
			isa = PBXResourcesBuildPhase;
			buildActionMask = 2147483647;
			files = (
				52905CD41E3D04D4008CE7A5 /* airplay.applescript in Resources */,
				52905CC81E3CFB44008CE7A5 /* Assets.xcassets in Resources */,
				52905CCB1E3CFB44008CE7A5 /* MainMenu.xib in Resources */,
			);
			runOnlyForDeploymentPostprocessing = 0;
		};
/* End PBXResourcesBuildPhase section */

/* Begin PBXSourcesBuildPhase section */
		52905CBE1E3CFB44008CE7A5 /* Sources */ = {
			isa = PBXSourcesBuildPhase;
			buildActionMask = 2147483647;
			files = (
				52905CC61E3CFB44008CE7A5 /* AppDelegate.swift in Sources */,
			);
			runOnlyForDeploymentPostprocessing = 0;
		};
/* End PBXSourcesBuildPhase section */

/* Begin PBXVariantGroup section */
		52905CC91E3CFB44008CE7A5 /* MainMenu.xib */ = {
			isa = PBXVariantGroup;
			children = (
				52905CCA1E3CFB44008CE7A5 /* Base */,
			);
			name = MainMenu.xib;
			sourceTree = "<group>";
		};
/* End PBXVariantGroup section */

/* Begin XCBuildConfiguration section */
		52905CCD1E3CFB44008CE7A5 /* Debug */ = {
			isa = XCBuildConfiguration;
			buildSettings = {
				ALWAYS_SEARCH_USER_PATHS = NO;
				CLANG_ANALYZER_NONNULL = YES;
				CLANG_CXX_LANGUAGE_STANDARD = "gnu++0x";
				CLANG_CXX_LIBRARY = "libc++";
				CLANG_ENABLE_MODULES = YES;
				CLANG_ENABLE_OBJC_ARC = YES;
				CLANG_WARN_BOOL_CONVERSION = YES;
				CLANG_WARN_CONSTANT_CONVERSION = YES;
				CLANG_WARN_DIRECT_OBJC_ISA_USAGE = YES_ERROR;
				CLANG_WARN_DOCUMENTATION_COMMENTS = YES;
				CLANG_WARN_EMPTY_BODY = YES;
				CLANG_WARN_ENUM_CONVERSION = YES;
				CLANG_WARN_INFINITE_RECURSION = YES;
				CLANG_WARN_INT_CONVERSION = YES;
				CLANG_WARN_OBJC_ROOT_CLASS = YES_ERROR;
				CLANG_WARN_SUSPICIOUS_MOVE = YES;
				CLANG_WARN_UNREACHABLE_CODE = YES;
				CLANG_WARN__DUPLICATE_METHOD_MATCH = YES;
				CODE_SIGN_IDENTITY = "-";
				COPY_PHASE_STRIP = NO;
				DEBUG_INFORMATION_FORMAT = dwarf;
				ENABLE_STRICT_OBJC_MSGSEND = YES;
				ENABLE_TESTABILITY = YES;
				GCC_C_LANGUAGE_STANDARD = gnu99;
				GCC_DYNAMIC_NO_PIC = NO;
				GCC_NO_COMMON_BLOCKS = YES;
				GCC_OPTIMIZATION_LEVEL = 0;
				GCC_PREPROCESSOR_DEFINITIONS = (
					"DEBUG=1",
					"$(inherited)",
				);
				GCC_WARN_64_TO_32_BIT_CONVERSION = YES;
				GCC_WARN_ABOUT_RETURN_TYPE = YES_ERROR;
				GCC_WARN_UNDECLARED_SELECTOR = YES;
				GCC_WARN_UNINITIALIZED_AUTOS = YES_AGGRESSIVE;
				GCC_WARN_UNUSED_FUNCTION = YES;
				GCC_WARN_UNUSED_VARIABLE = YES;
				MACOSX_DEPLOYMENT_TARGET = 10.12;
				MTL_ENABLE_DEBUG_INFO = YES;
				ONLY_ACTIVE_ARCH = YES;
				SDKROOT = macosx;
				SWIFT_ACTIVE_COMPILATION_CONDITIONS = DEBUG;
				SWIFT_OPTIMIZATION_LEVEL = "-Onone";
			};
			name = Debug;
		};
		52905CCE1E3CFB44008CE7A5 /* Release */ = {
			isa = XCBuildConfiguration;
			buildSettings = {
				ALWAYS_SEARCH_USER_PATHS = NO;
				CLANG_ANALYZER_NONNULL = YES;
				CLANG_CXX_LANGUAGE_STANDARD = "gnu++0x";
				CLANG_CXX_LIBRARY = "libc++";
				CLANG_ENABLE_MODULES = YES;
				CLANG_ENABLE_OBJC_ARC = YES;
				CLANG_WARN_BOOL_CONVERSION = YES;
				CLANG_WARN_CONSTANT_CONVERSION = YES;
				CLANG_WARN_DIRECT_OBJC_ISA_USAGE = YES_ERROR;
				CLANG_WARN_DOCUMENTATION_COMMENTS = YES;
				CLANG_WARN_EMPTY_BODY = YES;
				CLANG_WARN_ENUM_CONVERSION = YES;
				CLANG_WARN_INFINITE_RECURSION = YES;
				CLANG_WARN_INT_CONVERSION = YES;
				CLANG_WARN_OBJC_ROOT_CLASS = YES_ERROR;
				CLANG_WARN_SUSPICIOUS_MOVE = YES;
				CLANG_WARN_UNREACHABLE_CODE = YES;
				CLANG_WARN__DUPLICATE_METHOD_MATCH = YES;
				CODE_SIGN_IDENTITY = "-";
				COPY_PHASE_STRIP = NO;
				DEBUG_INFORMATION_FORMAT = "dwarf-with-dsym";
				ENABLE_NS_ASSERTIONS = NO;
				ENABLE_STRICT_OBJC_MSGSEND = YES;
				GCC_C_LANGUAGE_STANDARD = gnu99;
				GCC_NO_COMMON_BLOCKS = YES;
				GCC_WARN_64_TO_32_BIT_CONVERSION = YES;
				GCC_WARN_ABOUT_RETURN_TYPE = YES_ERROR;
				GCC_WARN_UNDECLARED_SELECTOR = YES;
				GCC_WARN_UNINITIALIZED_AUTOS = YES_AGGRESSIVE;
				GCC_WARN_UNUSED_FUNCTION = YES;
				GCC_WARN_UNUSED_VARIABLE = YES;
				MACOSX_DEPLOYMENT_TARGET = 10.12;
				MTL_ENABLE_DEBUG_INFO = NO;
				SDKROOT = macosx;
				SWIFT_OPTIMIZATION_LEVEL = "-Owholemodule";
			};
			name = Release;
		};
		52905CD01E3CFB44008CE7A5 /* Debug */ = {
			isa = XCBuildConfiguration;
			buildSettings = {
				ASSETCATALOG_COMPILER_APPICON_NAME = AppIcon;
				COMBINE_HIDPI_IMAGES = YES;
				DEVELOPMENT_TEAM = N5LFPP22TK;
				INFOPLIST_FILE = AirPlayControl/Info.plist;
				LD_RUNPATH_SEARCH_PATHS = "$(inherited) @executable_path/../Frameworks";
				PRODUCT_BUNDLE_IDENTIFIER = net.martinsoft.tools.AirPlayControl;
				PRODUCT_NAME = "$(TARGET_NAME)";
				SWIFT_VERSION = 3.0;
			};
			name = Debug;
		};
		52905CD11E3CFB44008CE7A5 /* Release */ = {
			isa = XCBuildConfiguration;
			buildSettings = {
				ASSETCATALOG_COMPILER_APPICON_NAME = AppIcon;
				COMBINE_HIDPI_IMAGES = YES;
				DEVELOPMENT_TEAM = N5LFPP22TK;
				INFOPLIST_FILE = AirPlayControl/Info.plist;
				LD_RUNPATH_SEARCH_PATHS = "$(inherited) @executable_path/../Frameworks";
				PRODUCT_BUNDLE_IDENTIFIER = net.martinsoft.tools.AirPlayControl;
				PRODUCT_NAME = "$(TARGET_NAME)";
				SWIFT_VERSION = 3.0;
			};
			name = Release;
		};
/* End XCBuildConfiguration section */

/* Begin XCConfigurationList section */
		52905CBD1E3CFB44008CE7A5 /* Build configuration list for PBXProject "AirPlayControl" */ = {
			isa = XCConfigurationList;
			buildConfigurations = (
				52905CCD1E3CFB44008CE7A5 /* Debug */,
				52905CCE1E3CFB44008CE7A5 /* Release */,
			);
			defaultConfigurationIsVisible = 0;
			defaultConfigurationName = Release;
		};
		52905CCF1E3CFB44008CE7A5 /* Build configuration list for PBXNativeTarget "AirPlayControl" */ = {
			isa = XCConfigurationList;
			buildConfigurations = (
				52905CD01E3CFB44008CE7A5 /* Debug */,
				52905CD11E3CFB44008CE7A5 /* Release */,
			);
			defaultConfigurationIsVisible = 0;
		};
/* End XCConfigurationList section */
	};
	rootObject = 52905CBA1E3CFB44008CE7A5 /* Project object */;
}
